
Microsoft Visual Studio Solution File, Format Version 12.00
# Visual Studio 2012
Project("{FAE04EC0-301F-11D3-BF4B-00C04F79EFBC}") = "swiftsuspenders-sharp-test", "swiftsuspenders-sharp-test.csproj", "{F66E6874-D36C-4133-B7CD-CDFD5FC180B9}"
EndProject
Project("{FAE04EC0-301F-11D3-BF4B-00C04F79EFBC}") = "swiftsuspenders-sharp", "swiftsuspenders-sharp.csproj", "{05CC2A48-EC5B-46EB-AC3F-8BDD870160D4}"
EndProject
Global
	GlobalSection(SolutionConfigurationPlatforms) = preSolution
		Debug|Any CPU = Debug|Any CPU
		Release|Any CPU = Release|Any CPU
	EndGlobalSection
	GlobalSection(ProjectConfigurationPlatforms) = postSolution
		{05CC2A48-EC5B-46EB-AC3F-8BDD870160D4}.Debug|Any CPU.ActiveCfg = Debug|Any CPU
		{05CC2A48-EC5B-46EB-AC3F-8BDD870160D4}.Debug|Any CPU.Build.0 = Debug|Any CPU
		{05CC2A48-EC5B-46EB-AC3F-8BDD870160D4}.Release|Any CPU.ActiveCfg = Release|Any CPU
		{05CC2A48-EC5B-46EB-AC3F-8BDD870160D4}.Release|Any CPU.Build.0 = Release|Any CPU
		{F66E6874-D36C-4133-B7CD-CDFD5FC180B9}.Debug|Any CPU.ActiveCfg = Debug|Any CPU
		{F66E6874-D36C-4133-B7CD-CDFD5FC180B9}.Debug|Any CPU.Build.0 = Debug|Any CPU
		{F66E6874-D36C-4133-B7CD-CDFD5FC180B9}.Release|Any CPU.ActiveCfg = Release|Any CPU
		{F66E6874-D36C-4133-B7CD-CDFD5FC180B9}.Release|Any CPU.Build.0 = Release|Any CPU
	EndGlobalSection
	GlobalSection(MonoDevelopProperties) = preSolution
		StartupItem = swiftsuspenders-sharp-test.csproj
	EndGlobalSection
EndGlobal
